
Microsoft Visual Studio Solution File, Format Version 12.00
# Visual Studio Version 16
VisualStudioVersion = 16.0.30611.23
MinimumVisualStudioVersion = 10.0.40219.1
Project("{8BC9CEB8-8B4A-11D0-8D11-00A0C91BC942}") = "Coursework 2", "Coursework 2.vcxproj", "{7C5CC20E-8A6B-4D59-ADB5-D28DAC483992}"
EndProject
Global
	GlobalSection(SolutionConfigurationPlatforms) = preSolution
		Debug|x64 = Debug|x64
		Debug|x86 = Debug|x86
		Release|x64 = Release|x64
		Release|x86 = Release|x86
	EndGlobalSection
	GlobalSection(ProjectConfigurationPlatforms) = postSolution
		{7C5CC20E-8A6B-4D59-ADB5-D28DAC483992}.Debug|x64.ActiveCfg = Debug|x64
		{7C5CC20E-8A6B-4D59-ADB5-D28DAC483992}.Debug|x64.Build.0 = Debug|x64
		{7C5CC20E-8A6B-4D59-ADB5-D28DAC483992}.Debug|x86.ActiveCfg = Debug|Win32
		{7C5CC20E-8A6B-4D59-ADB5-D28DAC483992}.Debug|x86.Build.0 = Debug|Win32
		{7C5CC20E-8A6B-4D59-ADB5-D28DAC483992}.Release|x64.ActiveCfg = Release|x64
		{7C5CC20E-8A6B-4D59-ADB5-D28DAC483992}.Release|x64.Build.0 = Release|x64
		{7C5CC20E-8A6B-4D59-ADB5-D28DAC483992}.Release|x86.ActiveCfg = Release|Win32
		{7C5CC20E-8A6B-4D59-ADB5-D28DAC483992}.Release|x86.Build.0 = Release|Win32
	EndGlobalSection
	GlobalSection(SolutionProperties) = preSolution
		HideSolutionNode = FALSE
	EndGlobalSection
	GlobalSection(ExtensibilityGlobals) = postSolution
		SolutionGuid = {DC70418F-BCBA-4E31-BDF6-B9638CC34A9C}
	EndGlobalSection
EndGlobal
